
Microsoft Visual Studio Solution File, Format Version 12.00
# Visual Studio 14
VisualStudioVersion = 14.0.25420.1
MinimumVisualStudioVersion = 10.0.40219.1
Project("{FAE04EC0-301F-11D3-BF4B-00C04F79EFBC}") = "Receiver", "Receiver\Receiver.csproj", "{DC23ADFB-4BD8-4428-A3A3-CEFE8B2643B2}"
EndProject
Project("{FAE04EC0-301F-11D3-BF4B-00C04F79EFBC}") = "DeviceSimulate", "DeviceSimulate\DeviceSimulate.csproj", "{A0EC8A17-1CAC-4A1A-BC44-E08D2CA46DB7}"
EndProject
Project("{FAE04EC0-301F-11D3-BF4B-00C04F79EFBC}") = "SendCloudToDevice", "SendCloudToDevice\SendCloudToDevice.csproj", "{21F84A62-935A-4A15-94DA-5614CD74FAD7}"
EndProject
Project("{FAE04EC0-301F-11D3-BF4B-00C04F79EFBC}") = "EventhubReceiver", "EventhubReceiver\EventhubReceiver.csproj", "{20A3E85F-2132-4604-8823-62304C428EA9}"
EndProject
Project("{FAE04EC0-301F-11D3-BF4B-00C04F79EFBC}") = "Common", "Common\Common.csproj", "{A3C628FE-4E15-41B9-9F24-75CBCAEFFEC4}"
EndProject
Global
	GlobalSection(SolutionConfigurationPlatforms) = preSolution
		Debug|Any CPU = Debug|Any CPU
		Release|Any CPU = Release|Any CPU
	EndGlobalSection
	GlobalSection(ProjectConfigurationPlatforms) = postSolution
		{DC23ADFB-4BD8-4428-A3A3-CEFE8B2643B2}.Debug|Any CPU.ActiveCfg = Debug|Any CPU
		{DC23ADFB-4BD8-4428-A3A3-CEFE8B2643B2}.Debug|Any CPU.Build.0 = Debug|Any CPU
		{DC23ADFB-4BD8-4428-A3A3-CEFE8B2643B2}.Release|Any CPU.ActiveCfg = Release|Any CPU
		{DC23ADFB-4BD8-4428-A3A3-CEFE8B2643B2}.Release|Any CPU.Build.0 = Release|Any CPU
		{A0EC8A17-1CAC-4A1A-BC44-E08D2CA46DB7}.Debug|Any CPU.ActiveCfg = Debug|Any CPU
		{A0EC8A17-1CAC-4A1A-BC44-E08D2CA46DB7}.Debug|Any CPU.Build.0 = Debug|Any CPU
		{A0EC8A17-1CAC-4A1A-BC44-E08D2CA46DB7}.Release|Any CPU.ActiveCfg = Release|Any CPU
		{A0EC8A17-1CAC-4A1A-BC44-E08D2CA46DB7}.Release|Any CPU.Build.0 = Release|Any CPU
		{21F84A62-935A-4A15-94DA-5614CD74FAD7}.Debug|Any CPU.ActiveCfg = Debug|Any CPU
		{21F84A62-935A-4A15-94DA-5614CD74FAD7}.Debug|Any CPU.Build.0 = Debug|Any CPU
		{21F84A62-935A-4A15-94DA-5614CD74FAD7}.Release|Any CPU.ActiveCfg = Release|Any CPU
		{21F84A62-935A-4A15-94DA-5614CD74FAD7}.Release|Any CPU.Build.0 = Release|Any CPU
		{20A3E85F-2132-4604-8823-62304C428EA9}.Debug|Any CPU.ActiveCfg = Debug|Any CPU
		{20A3E85F-2132-4604-8823-62304C428EA9}.Debug|Any CPU.Build.0 = Debug|Any CPU
		{20A3E85F-2132-4604-8823-62304C428EA9}.Release|Any CPU.ActiveCfg = Release|Any CPU
		{20A3E85F-2132-4604-8823-62304C428EA9}.Release|Any CPU.Build.0 = Release|Any CPU
		{A3C628FE-4E15-41B9-9F24-75CBCAEFFEC4}.Debug|Any CPU.ActiveCfg = Debug|Any CPU
		{A3C628FE-4E15-41B9-9F24-75CBCAEFFEC4}.Debug|Any CPU.Build.0 = Debug|Any CPU
		{A3C628FE-4E15-41B9-9F24-75CBCAEFFEC4}.Release|Any CPU.ActiveCfg = Release|Any CPU
		{A3C628FE-4E15-41B9-9F24-75CBCAEFFEC4}.Release|Any CPU.Build.0 = Release|Any CPU
	EndGlobalSection
	GlobalSection(SolutionProperties) = preSolution
		HideSolutionNode = FALSE
	EndGlobalSection
	GlobalSection(ExtensibilityGlobals) = postSolution
		EnterpriseLibraryConfigurationToolBinariesPathV6 = packages\EnterpriseLibrary.TransientFaultHandling.6.0.1304.0\lib\portable-net45+win+wp8
	EndGlobalSection
EndGlobal
